github.com/PlayerR9/go-commons v0.1.14 h1:YfPNMDnoQ5ukmnxH2fWpAL2D8tYWaOE5FvEvDsNMfd0=
github.com/PlayerR9/go-commons v0.1.14/go.mod h1:qfwfgzPehl/aerLpPpPvesuq71Eb//OQP/MJjPJ2ELI=
github.com/PlayerR9/safe v0.1.9 h1:luPQJY6lHDc7dRLVF2gMIYQrRVnNhEde9vuCAcr0aSg=
github.com/PlayerR9/safe v0.1.9/go.mod h1:PR0R8VNa3UrFr3F6jxAaynBU6vEPKmE9P7oubcFvbZE=
github.com/PlayerR9/table v0.1.12 h1:mJAxds3TN8COkb8kP7hp5e8W2m7uJ0l133/GlQwCtOY=
github.com/PlayerR9/table v0.1.12/go.mod h1:gWFaz3hMbpq/VOORs2KuonblO26V0CpXlMJaW/l1WIY=
golang.org/x/exp v0.0.0-20240904232852-e7e105dedf7e h1:I88y4caeGeuDQxgdoFPUq097j7kNfw6uvuiNxUBfcBk=
golang.org/x/exp v0.0.0-20240904232852-e7e105dedf7e/go.mod h1:akd2r19cwCdwSwWeIdzYQGa/EZZyqcOdwWiwj5L5eKQ=
