github.com/PlayerR9/MyGoLib v0.4.2 h1:4SqUpEzyQCdOpdtuM1wC+1wJEAYgb8RrBmIYuPyn2to=
github.com/PlayerR9/MyGoLib v0.4.2/go.mod h1:LH3B5Ohx/7jL599VpeuaC0UrseOpPzEMuBSGIY7ZB6Q=
github.com/PlayerR9/stack v0.1.0 h1:wlxHxXU9vmXnmXt4uh0kFtDONPY0hDFLvW+8Na9k3Q4=
github.com/PlayerR9/stack v0.1.0/go.mod h1:rX0u6KrU8fKOnJlD7INcqlvRgH0SJFSDNaevaIUO98I=
github.com/PlayerR9/table v0.1.1 h1:BV0hrrtwmg9QIj3oilwyj4ldQlmy67vlxbdfVWuQm1Y=
github.com/PlayerR9/table v0.1.1/go.mod h1:4IhonrzMUF8lkV/f0zM8rbXHcpkiNVckRtxGUKU6vVs=
golang.org/x/exp v0.0.0-20240716175740-e3f259677ff7 h1:wDLEX9a7YQoKdKNQt88rtydkqDxeGaBUTnIYc3iG/mA=
golang.org/x/exp v0.0.0-20240716175740-e3f259677ff7/go.mod h1:M4RDyNAINzryxdtnbRXRL/OHtkFuWGRjvuhBJpk2IlY=
